{
  "name": "@raychee/catalyst-plugin-identities",
  "version": "0.0.10",
  "lockfileVersion": 1,
  "requires": true,
  "dependencies": {
    "@raychee/utils": {
      "version": "0.2.29",
      "resolved": "https://registry.npm.taobao.org/@raychee/utils/download/@raychee/utils-0.2.29.tgz",
      "integrity": "sha1-Of1zdjuUxVGTOijTGw9n4LZbMWs=",
      "requires": {
        "lodash": "^4.17.15"
      }
    },
    "lodash": {
      "version": "4.17.21",
      "resolved": "https://registry.npmjs.org/lodash/-/lodash-4.17.21.tgz",
      "integrity": "sha512-v2kDEe57lecTulaDIuNTPy3Ry4gLGJ6Z1O3vE1krgXZNrsQ+LFTGHVxVjcXPs17LhbZVGedAJv8XZ1tvj5FvSg=="
    },
    "uuid": {
      "version": "7.0.3",
      "resolved": "https://registry.npm.taobao.org/uuid/download/uuid-7.0.3.tgz?cache=0&sync_timestamp=1585683718911&other_urls=https%3A%2F%2Fregistry.npm.taobao.org%2Fuuid%2Fdownload%2Fuuid-7.0.3.tgz",
      "integrity": "sha1-xcnyyM8l3Ao3LE3xRBxB9b0MaAs="
    }
  }
}
